// !$*UTF8*$!
{
	archiveVersion = 1;
	classes = {
	};
	objectVersion = 46;
	objects = {

/* Begin PBXBuildFile section */
		36448F541D5042C80087E82D /* libYixinSDK_V2.4.a in Frameworks */ = {isa = PBXBuildFile; fileRef = 36448F511D5042C80087E82D /* libYixinSDK_V2.4.a */; };
		3669B12F1CF2F51000AF5997 /* KLTQQProxy.m in Sources */ = {isa = PBXBuildFile; fileRef = 3669B1091CF2F51000AF5997 /* KLTQQProxy.m */; };
		3669B1331CF2F51000AF5997 /* KLTWechatProxy.m in Sources */ = {isa = PBXBuildFile; fileRef = 3669B1131CF2F51000AF5997 /* KLTWechatProxy.m */; };
		3669B1351CF2F51000AF5997 /* libWeChatSDK.a in Frameworks */ = {isa = PBXBuildFile; fileRef = 3669B1151CF2F51000AF5997 /* libWeChatSDK.a */; };
		3669B1371CF2F51000AF5997 /* KLTWeiboProxy.m in Sources */ = {isa = PBXBuildFile; fileRef = 3669B11B1CF2F51000AF5997 /* KLTWeiboProxy.m */; };
		3669B13D1CF2F51000AF5997 /* KLTYixinProxy.m in Sources */ = {isa = PBXBuildFile; fileRef = 3669B12A1CF2F51000AF5997 /* KLTYixinProxy.m */; };
		3669B1421CF2F55A00AF5997 /* Security.framework in Frameworks */ = {isa = PBXBuildFile; fileRef = 3669B1411CF2F55A00AF5997 /* Security.framework */; };
		3669B1441CF2F59000AF5997 /* CoreTelephony.framework in Frameworks */ = {isa = PBXBuildFile; fileRef = 3669B1431CF2F59000AF5997 /* CoreTelephony.framework */; };
		3669B1521CF2FB5B00AF5997 /* libWeiboSDK.a in Frameworks */ = {isa = PBXBuildFile; fileRef = 3669B1451CF2FB5B00AF5997 /* libWeiboSDK.a */; };
		3669B1531CF2FB5B00AF5997 /* WeiboSDK.bundle in Resources */ = {isa = PBXBuildFile; fileRef = 3669B14E1CF2FB5B00AF5997 /* WeiboSDK.bundle */; };
		3669B15C1CF300DE00AF5997 /* TencentOpenApi_IOS_Bundle.bundle in Resources */ = {isa = PBXBuildFile; fileRef = 3669B15A1CF300DE00AF5997 /* TencentOpenApi_IOS_Bundle.bundle */; };
		3669B1621CF3022500AF5997 /* TencentOpenAPI.framework in Frameworks */ = {isa = PBXBuildFile; fileRef = 3669B1611CF3022500AF5997 /* TencentOpenAPI.framework */; };
		368E268B1B4CC341001672CE /* main.m in Sources */ = {isa = PBXBuildFile; fileRef = 368E268A1B4CC341001672CE /* main.m */; };
		368E26961B4CC341001672CE /* Images.xcassets in Resources */ = {isa = PBXBuildFile; fileRef = 368E26951B4CC341001672CE /* Images.xcassets */; };
		368E26991B4CC341001672CE /* LaunchScreen.xib in Resources */ = {isa = PBXBuildFile; fileRef = 368E26971B4CC341001672CE /* LaunchScreen.xib */; };
		368E27181B4CC4B8001672CE /* KLTShareKit.m in Sources */ = {isa = PBXBuildFile; fileRef = 368E26EC1B4CC4B8001672CE /* KLTShareKit.m */; };
		368E27191B4CC4B8001672CE /* ShareSDKHttp.m in Sources */ = {isa = PBXBuildFile; fileRef = 368E26EE1B4CC4B8001672CE /* ShareSDKHttp.m */; };
		368E271C1B4CC4B8001672CE /* UIImage+ResizeMagick.m in Sources */ = {isa = PBXBuildFile; fileRef = 368E26FA1B4CC4B8001672CE /* UIImage+ResizeMagick.m */; };
		368E27251B4CC787001672CE /* libsqlite3.dylib in Frameworks */ = {isa = PBXBuildFile; fileRef = 368E27241B4CC787001672CE /* libsqlite3.dylib */; };
		368E27271B4CC7B2001672CE /* SystemConfiguration.framework in Frameworks */ = {isa = PBXBuildFile; fileRef = 368E27261B4CC7B2001672CE /* SystemConfiguration.framework */; };
		368E27291B4CC7CF001672CE /* libc++.dylib in Frameworks */ = {isa = PBXBuildFile; fileRef = 368E27281B4CC7CF001672CE /* libc++.dylib */; };
		368E272B1B4CC814001672CE /* libz.dylib in Frameworks */ = {isa = PBXBuildFile; fileRef = 368E272A1B4CC814001672CE /* libz.dylib */; };
		368E27321B4CC887001672CE /* AppDelegate.m in Sources */ = {isa = PBXBuildFile; fileRef = 368E272D1B4CC887001672CE /* AppDelegate.m */; };
		368E27351B4CC887001672CE /* ViewController.m in Sources */ = {isa = PBXBuildFile; fileRef = 368E27311B4CC887001672CE /* ViewController.m */; };
		368E27371B4CC89A001672CE /* Main.storyboard in Resources */ = {isa = PBXBuildFile; fileRef = 368E27361B4CC89A001672CE /* Main.storyboard */; };
		368E273A1B4CD786001672CE /* ImageIO.framework in Frameworks */ = {isa = PBXBuildFile; fileRef = 368E27391B4CD786001672CE /* ImageIO.framework */; };
		368E273C1B4D123B001672CE /* IMG_Cat.jpg in Resources */ = {isa = PBXBuildFile; fileRef = 368E273B1B4D123B001672CE /* IMG_Cat.jpg */; };
		368E273E1B4D12AE001672CE /* IMG_Cat_thumb.png in Resources */ = {isa = PBXBuildFile; fileRef = 368E273D1B4D12AE001672CE /* IMG_Cat_thumb.png */; };
		36D82C4B1B6F4C5C00C9A90D /* KLTSMSProxy.m in Sources */ = {isa = PBXBuildFile; fileRef = 36D82C4A1B6F4C5C00C9A90D /* KLTSMSProxy.m */; };
/* End PBXBuildFile section */

/* Begin PBXFileReference section */
		36448F511D5042C80087E82D /* libYixinSDK_V2.4.a */ = {isa = PBXFileReference; lastKnownFileType = archive.ar; path = libYixinSDK_V2.4.a; sourceTree = "<group>"; };
		36448F521D5042C80087E82D /* YXApi.h */ = {isa = PBXFileReference; fileEncoding = 4; lastKnownFileType = sourcecode.c.h; path = YXApi.h; sourceTree = "<group>"; };
		36448F531D5042C80087E82D /* YXApiObject.h */ = {isa = PBXFileReference; fileEncoding = 4; lastKnownFileType = sourcecode.c.h; path = YXApiObject.h; sourceTree = "<group>"; };
		3669B1011CF2F31A00AF5997 /* PrefixHeader.pch */ = {isa = PBXFileReference; fileEncoding = 4; lastKnownFileType = sourcecode.c.h; path = PrefixHeader.pch; sourceTree = "<group>"; };
		3669B1081CF2F51000AF5997 /* KLTQQProxy.h */ = {isa = PBXFileReference; fileEncoding = 4; lastKnownFileType = sourcecode.c.h; path = KLTQQProxy.h; sourceTree = "<group>"; };
		3669B1091CF2F51000AF5997 /* KLTQQProxy.m */ = {isa = PBXFileReference; fileEncoding = 4; lastKnownFileType = sourcecode.c.objc; path = KLTQQProxy.m; sourceTree = "<group>"; };
		3669B1121CF2F51000AF5997 /* KLTWechatProxy.h */ = {isa = PBXFileReference; fileEncoding = 4; lastKnownFileType = sourcecode.c.h; path = KLTWechatProxy.h; sourceTree = "<group>"; };
		3669B1131CF2F51000AF5997 /* KLTWechatProxy.m */ = {isa = PBXFileReference; fileEncoding = 4; lastKnownFileType = sourcecode.c.objc; path = KLTWechatProxy.m; sourceTree = "<group>"; };
		3669B1151CF2F51000AF5997 /* libWeChatSDK.a */ = {isa = PBXFileReference; lastKnownFileType = archive.ar; path = libWeChatSDK.a; sourceTree = "<group>"; };
		3669B1161CF2F51000AF5997 /* WechatAuthSDK.h */ = {isa = PBXFileReference; fileEncoding = 4; lastKnownFileType = sourcecode.c.h; path = WechatAuthSDK.h; sourceTree = "<group>"; };
		3669B1171CF2F51000AF5997 /* WXApi.h */ = {isa = PBXFileReference; fileEncoding = 4; lastKnownFileType = sourcecode.c.h; path = WXApi.h; sourceTree = "<group>"; };
		3669B1181CF2F51000AF5997 /* WXApiObject.h */ = {isa = PBXFileReference; fileEncoding = 4; lastKnownFileType = sourcecode.c.h; path = WXApiObject.h; sourceTree = "<group>"; };
		3669B11A1CF2F51000AF5997 /* KLTWeiboProxy.h */ = {isa = PBXFileReference; fileEncoding = 4; lastKnownFileType = sourcecode.c.h; path = KLTWeiboProxy.h; sourceTree = "<group>"; };
		3669B11B1CF2F51000AF5997 /* KLTWeiboProxy.m */ = {isa = PBXFileReference; fileEncoding = 4; lastKnownFileType = sourcecode.c.objc; path = KLTWeiboProxy.m; sourceTree = "<group>"; };
		3669B1291CF2F51000AF5997 /* KLTYixinProxy.h */ = {isa = PBXFileReference; fileEncoding = 4; lastKnownFileType = sourcecode.c.h; path = KLTYixinProxy.h; sourceTree = "<group>"; };
		3669B12A1CF2F51000AF5997 /* KLTYixinProxy.m */ = {isa = PBXFileReference; fileEncoding = 4; lastKnownFileType = sourcecode.c.objc; path = KLTYixinProxy.m; sourceTree = "<group>"; };
		3669B1411CF2F55A00AF5997 /* Security.framework */ = {isa = PBXFileReference; lastKnownFileType = wrapper.framework; name = Security.framework; path = System/Library/Frameworks/Security.framework; sourceTree = SDKROOT; };
		3669B1431CF2F59000AF5997 /* CoreTelephony.framework */ = {isa = PBXFileReference; lastKnownFileType = wrapper.framework; name = CoreTelephony.framework; path = System/Library/Frameworks/CoreTelephony.framework; sourceTree = SDKROOT; };
		3669B1451CF2FB5B00AF5997 /* libWeiboSDK.a */ = {isa = PBXFileReference; lastKnownFileType = archive.ar; path = libWeiboSDK.a; sourceTree = "<group>"; };
		3669B1461CF2FB5B00AF5997 /* WBHttpRequest.h */ = {isa = PBXFileReference; fileEncoding = 4; lastKnownFileType = sourcecode.c.h; path = WBHttpRequest.h; sourceTree = "<group>"; };
		3669B1471CF2FB5B00AF5997 /* WBHttpRequest+WeiboGame.h */ = {isa = PBXFileReference; fileEncoding = 4; lastKnownFileType = sourcecode.c.h; path = "WBHttpRequest+WeiboGame.h"; sourceTree = "<group>"; };
		3669B1481CF2FB5B00AF5997 /* WBHttpRequest+WeiboShare.h */ = {isa = PBXFileReference; fileEncoding = 4; lastKnownFileType = sourcecode.c.h; path = "WBHttpRequest+WeiboShare.h"; sourceTree = "<group>"; };
		3669B1491CF2FB5B00AF5997 /* WBHttpRequest+WeiboToken.h */ = {isa = PBXFileReference; fileEncoding = 4; lastKnownFileType = sourcecode.c.h; path = "WBHttpRequest+WeiboToken.h"; sourceTree = "<group>"; };
		3669B14A1CF2FB5B00AF5997 /* WBHttpRequest+WeiboUser.h */ = {isa = PBXFileReference; fileEncoding = 4; lastKnownFileType = sourcecode.c.h; path = "WBHttpRequest+WeiboUser.h"; sourceTree = "<group>"; };
		3669B14B1CF2FB5B00AF5997 /* WBSDKBasicButton.h */ = {isa = PBXFileReference; fileEncoding = 4; lastKnownFileType = sourcecode.c.h; path = WBSDKBasicButton.h; sourceTree = "<group>"; };
		3669B14C1CF2FB5B00AF5997 /* WBSDKCommentButton.h */ = {isa = PBXFileReference; fileEncoding = 4; lastKnownFileType = sourcecode.c.h; path = WBSDKCommentButton.h; sourceTree = "<group>"; };
		3669B14D1CF2FB5B00AF5997 /* WBSDKRelationshipButton.h */ = {isa = PBXFileReference; fileEncoding = 4; lastKnownFileType = sourcecode.c.h; path = WBSDKRelationshipButton.h; sourceTree = "<group>"; };
		3669B14E1CF2FB5B00AF5997 /* WeiboSDK.bundle */ = {isa = PBXFileReference; lastKnownFileType = "wrapper.plug-in"; path = WeiboSDK.bundle; sourceTree = "<group>"; };
		3669B14F1CF2FB5B00AF5997 /* WeiboSDK.h */ = {isa = PBXFileReference; fileEncoding = 4; lastKnownFileType = sourcecode.c.h; path = WeiboSDK.h; sourceTree = "<group>"; };
		3669B1501CF2FB5B00AF5997 /* WeiboSDK+Statistics.h */ = {isa = PBXFileReference; fileEncoding = 4; lastKnownFileType = sourcecode.c.h; path = "WeiboSDK+Statistics.h"; sourceTree = "<group>"; };
		3669B1511CF2FB5B00AF5997 /* WeiboUser.h */ = {isa = PBXFileReference; fileEncoding = 4; lastKnownFileType = sourcecode.c.h; path = WeiboUser.h; sourceTree = "<group>"; };
		3669B15A1CF300DE00AF5997 /* TencentOpenApi_IOS_Bundle.bundle */ = {isa = PBXFileReference; lastKnownFileType = "wrapper.plug-in"; path = TencentOpenApi_IOS_Bundle.bundle; sourceTree = "<group>"; };
		3669B1611CF3022500AF5997 /* TencentOpenAPI.framework */ = {isa = PBXFileReference; lastKnownFileType = wrapper.framework; path = TencentOpenAPI.framework; sourceTree = "<group>"; };
		368E26851B4CC341001672CE /* KLTShareSDKDemo.app */ = {isa = PBXFileReference; explicitFileType = wrapper.application; includeInIndex = 0; path = KLTShareSDKDemo.app; sourceTree = BUILT_PRODUCTS_DIR; };
		368E26891B4CC341001672CE /* Info.plist */ = {isa = PBXFileReference; lastKnownFileType = text.plist.xml; path = Info.plist; sourceTree = "<group>"; };
		368E268A1B4CC341001672CE /* main.m */ = {isa = PBXFileReference; lastKnownFileType = sourcecode.c.objc; path = main.m; sourceTree = "<group>"; };
		368E26951B4CC341001672CE /* Images.xcassets */ = {isa = PBXFileReference; lastKnownFileType = folder.assetcatalog; path = Images.xcassets; sourceTree = "<group>"; };
		368E26981B4CC341001672CE /* Base */ = {isa = PBXFileReference; lastKnownFileType = file.xib; name = Base; path = Base.lproj/LaunchScreen.xib; sourceTree = "<group>"; };
		368E26A31B4CC341001672CE /* Info.plist */ = {isa = PBXFileReference; lastKnownFileType = text.plist.xml; path = Info.plist; sourceTree = "<group>"; };
		368E26A41B4CC341001672CE /* KLTShareSDKDemoTests.m */ = {isa = PBXFileReference; lastKnownFileType = sourcecode.c.objc; path = KLTShareSDKDemoTests.m; sourceTree = "<group>"; };
		368E26EB1B4CC4B8001672CE /* KLTShareKit.h */ = {isa = PBXFileReference; fileEncoding = 4; lastKnownFileType = sourcecode.c.h; path = KLTShareKit.h; sourceTree = "<group>"; };
		368E26EC1B4CC4B8001672CE /* KLTShareKit.m */ = {isa = PBXFileReference; fileEncoding = 4; lastKnownFileType = sourcecode.c.objc; path = KLTShareKit.m; sourceTree = "<group>"; };
		368E26ED1B4CC4B8001672CE /* ShareSDKHttp.h */ = {isa = PBXFileReference; fileEncoding = 4; lastKnownFileType = sourcecode.c.h; path = ShareSDKHttp.h; sourceTree = "<group>"; };
		368E26EE1B4CC4B8001672CE /* ShareSDKHttp.m */ = {isa = PBXFileReference; fileEncoding = 4; lastKnownFileType = sourcecode.c.objc; path = ShareSDKHttp.m; sourceTree = "<group>"; };
		368E26F91B4CC4B8001672CE /* UIImage+ResizeMagick.h */ = {isa = PBXFileReference; fileEncoding = 4; lastKnownFileType = sourcecode.c.h; path = "UIImage+ResizeMagick.h"; sourceTree = "<group>"; };
		368E26FA1B4CC4B8001672CE /* UIImage+ResizeMagick.m */ = {isa = PBXFileReference; fileEncoding = 4; lastKnownFileType = sourcecode.c.objc; path = "UIImage+ResizeMagick.m"; sourceTree = "<group>"; };
		368E27241B4CC787001672CE /* libsqlite3.dylib */ = {isa = PBXFileReference; lastKnownFileType = "compiled.mach-o.dylib"; name = libsqlite3.dylib; path = usr/lib/libsqlite3.dylib; sourceTree = SDKROOT; };
		368E27261B4CC7B2001672CE /* SystemConfiguration.framework */ = {isa = PBXFileReference; lastKnownFileType = wrapper.framework; name = SystemConfiguration.framework; path = System/Library/Frameworks/SystemConfiguration.framework; sourceTree = SDKROOT; };
		368E27281B4CC7CF001672CE /* libc++.dylib */ = {isa = PBXFileReference; lastKnownFileType = "compiled.mach-o.dylib"; name = "libc++.dylib"; path = "usr/lib/libc++.dylib"; sourceTree = SDKROOT; };
		368E272A1B4CC814001672CE /* libz.dylib */ = {isa = PBXFileReference; lastKnownFileType = "compiled.mach-o.dylib"; name = libz.dylib; path = usr/lib/libz.dylib; sourceTree = SDKROOT; };
		368E272C1B4CC887001672CE /* AppDelegate.h */ = {isa = PBXFileReference; fileEncoding = 4; lastKnownFileType = sourcecode.c.h; path = AppDelegate.h; sourceTree = "<group>"; };
		368E272D1B4CC887001672CE /* AppDelegate.m */ = {isa = PBXFileReference; fileEncoding = 4; lastKnownFileType = sourcecode.c.objc; path = AppDelegate.m; sourceTree = "<group>"; };
		368E27301B4CC887001672CE /* ViewController.h */ = {isa = PBXFileReference; fileEncoding = 4; lastKnownFileType = sourcecode.c.h; path = ViewController.h; sourceTree = "<group>"; };
		368E27311B4CC887001672CE /* ViewController.m */ = {isa = PBXFileReference; fileEncoding = 4; lastKnownFileType = sourcecode.c.objc; path = ViewController.m; sourceTree = "<group>"; };
		368E27361B4CC89A001672CE /* Main.storyboard */ = {isa = PBXFileReference; fileEncoding = 4; lastKnownFileType = file.storyboard; name = Main.storyboard; path = Base.lproj/Main.storyboard; sourceTree = "<group>"; };
		368E27381B4CC937001672CE /* KLTShareSDK.h */ = {isa = PBXFileReference; lastKnownFileType = sourcecode.c.h; path = KLTShareSDK.h; sourceTree = "<group>"; };
		368E27391B4CD786001672CE /* ImageIO.framework */ = {isa = PBXFileReference; lastKnownFileType = wrapper.framework; name = ImageIO.framework; path = System/Library/Frameworks/ImageIO.framework; sourceTree = SDKROOT; };
		368E273B1B4D123B001672CE /* IMG_Cat.jpg */ = {isa = PBXFileReference; lastKnownFileType = image.jpeg; path = IMG_Cat.jpg; sourceTree = "<group>"; };
		368E273D1B4D12AE001672CE /* IMG_Cat_thumb.png */ = {isa = PBXFileReference; lastKnownFileType = image.png; path = IMG_Cat_thumb.png; sourceTree = "<group>"; };
		36D82C491B6F4C5C00C9A90D /* KLTSMSProxy.h */ = {isa = PBXFileReference; fileEncoding = 4; lastKnownFileType = sourcecode.c.h; path = KLTSMSProxy.h; sourceTree = "<group>"; };
		36D82C4A1B6F4C5C00C9A90D /* KLTSMSProxy.m */ = {isa = PBXFileReference; fileEncoding = 4; lastKnownFileType = sourcecode.c.objc; path = KLTSMSProxy.m; sourceTree = "<group>"; };
/* End PBXFileReference section */

/* Begin PBXFrameworksBuildPhase section */
		368E26821B4CC341001672CE /* Frameworks */ = {
			isa = PBXFrameworksBuildPhase;
			buildActionMask = 2147483647;
			files = (
				3669B1441CF2F59000AF5997 /* CoreTelephony.framework in Frameworks */,
				3669B1521CF2FB5B00AF5997 /* libWeiboSDK.a in Frameworks */,
				3669B1421CF2F55A00AF5997 /* Security.framework in Frameworks */,
				3669B1351CF2F51000AF5997 /* libWeChatSDK.a in Frameworks */,
				36448F541D5042C80087E82D /* libYixinSDK_V2.4.a in Frameworks */,
				368E273A1B4CD786001672CE /* ImageIO.framework in Frameworks */,
				368E272B1B4CC814001672CE /* libz.dylib in Frameworks */,
				368E27291B4CC7CF001672CE /* libc++.dylib in Frameworks */,
				3669B1621CF3022500AF5997 /* TencentOpenAPI.framework in Frameworks */,
				368E27271B4CC7B2001672CE /* SystemConfiguration.framework in Frameworks */,
				368E27251B4CC787001672CE /* libsqlite3.dylib in Frameworks */,
			);
			runOnlyForDeploymentPostprocessing = 0;
		};
/* End PBXFrameworksBuildPhase section */

/* Begin PBXGroup section */
		3669B1071CF2F51000AF5997 /* Tencent */ = {
			isa = PBXGroup;
			children = (
				3669B1081CF2F51000AF5997 /* KLTQQProxy.h */,
				3669B1091CF2F51000AF5997 /* KLTQQProxy.m */,
				3669B10A1CF2F51000AF5997 /* SDK */,
			);
			path = Tencent;
			sourceTree = "<group>";
		};
		3669B10A1CF2F51000AF5997 /* SDK */ = {
			isa = PBXGroup;
			children = (
				3669B1611CF3022500AF5997 /* TencentOpenAPI.framework */,
				3669B15A1CF300DE00AF5997 /* TencentOpenApi_IOS_Bundle.bundle */,
			);
			path = SDK;
			sourceTree = "<group>";
		};
		3669B1111CF2F51000AF5997 /* Wechat */ = {
			isa = PBXGroup;
			children = (
				3669B1121CF2F51000AF5997 /* KLTWechatProxy.h */,
				3669B1131CF2F51000AF5997 /* KLTWechatProxy.m */,
				3669B1141CF2F51000AF5997 /* SDK */,
			);
			path = Wechat;
			sourceTree = "<group>";
		};
		3669B1141CF2F51000AF5997 /* SDK */ = {
			isa = PBXGroup;
			children = (
				3669B1151CF2F51000AF5997 /* libWeChatSDK.a */,
				3669B1161CF2F51000AF5997 /* WechatAuthSDK.h */,
				3669B1171CF2F51000AF5997 /* WXApi.h */,
				3669B1181CF2F51000AF5997 /* WXApiObject.h */,
			);
			path = SDK;
			sourceTree = "<group>";
		};
		3669B1191CF2F51000AF5997 /* Weibo */ = {
			isa = PBXGroup;
			children = (
				3669B11A1CF2F51000AF5997 /* KLTWeiboProxy.h */,
				3669B11B1CF2F51000AF5997 /* KLTWeiboProxy.m */,
				3669B11C1CF2F51000AF5997 /* SDK */,
			);
			path = Weibo;
			sourceTree = "<group>";
		};
		3669B11C1CF2F51000AF5997 /* SDK */ = {
			isa = PBXGroup;
			children = (
				3669B1451CF2FB5B00AF5997 /* libWeiboSDK.a */,
				3669B1461CF2FB5B00AF5997 /* WBHttpRequest.h */,
				3669B1471CF2FB5B00AF5997 /* WBHttpRequest+WeiboGame.h */,
				3669B1481CF2FB5B00AF5997 /* WBHttpRequest+WeiboShare.h */,
				3669B1491CF2FB5B00AF5997 /* WBHttpRequest+WeiboToken.h */,
				3669B14A1CF2FB5B00AF5997 /* WBHttpRequest+WeiboUser.h */,
				3669B14B1CF2FB5B00AF5997 /* WBSDKBasicButton.h */,
				3669B14C1CF2FB5B00AF5997 /* WBSDKCommentButton.h */,
				3669B14D1CF2FB5B00AF5997 /* WBSDKRelationshipButton.h */,
				3669B14E1CF2FB5B00AF5997 /* WeiboSDK.bundle */,
				3669B14F1CF2FB5B00AF5997 /* WeiboSDK.h */,
				3669B1501CF2FB5B00AF5997 /* WeiboSDK+Statistics.h */,
				3669B1511CF2FB5B00AF5997 /* WeiboUser.h */,
			);
			path = SDK;
			sourceTree = "<group>";
		};
		3669B1281CF2F51000AF5997 /* Yixin */ = {
			isa = PBXGroup;
			children = (
				3669B1291CF2F51000AF5997 /* KLTYixinProxy.h */,
				3669B12A1CF2F51000AF5997 /* KLTYixinProxy.m */,
				3669B12B1CF2F51000AF5997 /* SDK */,
			);
			path = Yixin;
			sourceTree = "<group>";
		};
		3669B12B1CF2F51000AF5997 /* SDK */ = {
			isa = PBXGroup;
			children = (
				36448F511D5042C80087E82D /* libYixinSDK_V2.4.a */,
				36448F521D5042C80087E82D /* YXApi.h */,
				36448F531D5042C80087E82D /* YXApiObject.h */,
			);
			path = SDK;
			sourceTree = "<group>";
		};
		368E267C1B4CC341001672CE = {
			isa = PBXGroup;
			children = (
				3669B1431CF2F59000AF5997 /* CoreTelephony.framework */,
				3669B1411CF2F55A00AF5997 /* Security.framework */,
				368E27391B4CD786001672CE /* ImageIO.framework */,
				368E272A1B4CC814001672CE /* libz.dylib */,
				368E27281B4CC7CF001672CE /* libc++.dylib */,
				368E27261B4CC7B2001672CE /* SystemConfiguration.framework */,
				368E27241B4CC787001672CE /* libsqlite3.dylib */,
				368E26871B4CC341001672CE /* KLTShareSDKDemo */,
				368E26A11B4CC341001672CE /* KLTShareSDKDemoTests */,
				368E26861B4CC341001672CE /* Products */,
			);
			sourceTree = "<group>";
		};
		368E26861B4CC341001672CE /* Products */ = {
			isa = PBXGroup;
			children = (
				368E26851B4CC341001672CE /* KLTShareSDKDemo.app */,
			);
			name = Products;
			sourceTree = "<group>";
		};
		368E26871B4CC341001672CE /* KLTShareSDKDemo */ = {
			isa = PBXGroup;
			children = (
				368E27361B4CC89A001672CE /* Main.storyboard */,
				368E272C1B4CC887001672CE /* AppDelegate.h */,
				368E272D1B4CC887001672CE /* AppDelegate.m */,
				368E273B1B4D123B001672CE /* IMG_Cat.jpg */,
				368E273D1B4D12AE001672CE /* IMG_Cat_thumb.png */,
				368E27301B4CC887001672CE /* ViewController.h */,
				368E27311B4CC887001672CE /* ViewController.m */,
				368E26EA1B4CC4B8001672CE /* KTLShareSDK */,
				368E26951B4CC341001672CE /* Images.xcassets */,
				368E26971B4CC341001672CE /* LaunchScreen.xib */,
				368E26881B4CC341001672CE /* Supporting Files */,
			);
			path = KLTShareSDKDemo;
			sourceTree = "<group>";
		};
		368E26881B4CC341001672CE /* Supporting Files */ = {
			isa = PBXGroup;
			children = (
				368E26891B4CC341001672CE /* Info.plist */,
				368E268A1B4CC341001672CE /* main.m */,
				3669B1011CF2F31A00AF5997 /* PrefixHeader.pch */,
			);
			name = "Supporting Files";
			sourceTree = "<group>";
		};
		368E26A11B4CC341001672CE /* KLTShareSDKDemoTests */ = {
			isa = PBXGroup;
			children = (
				368E26A41B4CC341001672CE /* KLTShareSDKDemoTests.m */,
				368E26A21B4CC341001672CE /* Supporting Files */,
			);
			path = KLTShareSDKDemoTests;
			sourceTree = "<group>";
		};
		368E26A21B4CC341001672CE /* Supporting Files */ = {
			isa = PBXGroup;
			children = (
				368E26A31B4CC341001672CE /* Info.plist */,
			);
			name = "Supporting Files";
			sourceTree = "<group>";
		};
		368E26EA1B4CC4B8001672CE /* KTLShareSDK */ = {
			isa = PBXGroup;
			children = (
				3669B1071CF2F51000AF5997 /* Tencent */,
				3669B1111CF2F51000AF5997 /* Wechat */,
				3669B1191CF2F51000AF5997 /* Weibo */,
				3669B1281CF2F51000AF5997 /* Yixin */,
				368E27381B4CC937001672CE /* KLTShareSDK.h */,
				368E26EB1B4CC4B8001672CE /* KLTShareKit.h */,
				368E26EC1B4CC4B8001672CE /* KLTShareKit.m */,
				368E26ED1B4CC4B8001672CE /* ShareSDKHttp.h */,
				368E26EE1B4CC4B8001672CE /* ShareSDKHttp.m */,
				368E26F91B4CC4B8001672CE /* UIImage+ResizeMagick.h */,
				368E26FA1B4CC4B8001672CE /* UIImage+ResizeMagick.m */,
				36D82C481B6F4C5C00C9A90D /* SMS */,
			);
			name = KTLShareSDK;
			path = KLTShareSDK;
			sourceTree = "<group>";
		};
		36D82C481B6F4C5C00C9A90D /* SMS */ = {
			isa = PBXGroup;
			children = (
				36D82C491B6F4C5C00C9A90D /* KLTSMSProxy.h */,
				36D82C4A1B6F4C5C00C9A90D /* KLTSMSProxy.m */,
			);
			path = SMS;
			sourceTree = "<group>";
		};
/* End PBXGroup section */

/* Begin PBXNativeTarget section */
		368E26841B4CC341001672CE /* KLTShareSDKDemo */ = {
			isa = PBXNativeTarget;
			buildConfigurationList = 368E26A81B4CC341001672CE /* Build configuration list for PBXNativeTarget "KLTShareSDKDemo" */;
			buildPhases = (
				368E26811B4CC341001672CE /* Sources */,
				368E26821B4CC341001672CE /* Frameworks */,
				368E26831B4CC341001672CE /* Resources */,
			);
			buildRules = (
			);
			dependencies = (
			);
			name = KLTShareSDKDemo;
			productName = KLTShareSDKDemo;
			productReference = 368E26851B4CC341001672CE /* KLTShareSDKDemo.app */;
			productType = "com.apple.product-type.application";
		};
/* End PBXNativeTarget section */

/* Begin PBXProject section */
		368E267D1B4CC341001672CE /* Project object */ = {
			isa = PBXProject;
			attributes = {
				LastUpgradeCheck = 0640;
				ORGANIZATIONNAME = "田凯";
				TargetAttributes = {
					368E26841B4CC341001672CE = {
						CreatedOnToolsVersion = 6.4;
					};
				};
			};
			buildConfigurationList = 368E26801B4CC341001672CE /* Build configuration list for PBXProject "KLTShareSDKDemo" */;
			compatibilityVersion = "Xcode 3.2";
			developmentRegion = English;
			hasScannedForEncodings = 0;
			knownRegions = (
				en,
				Base,
			);
			mainGroup = 368E267C1B4CC341001672CE;
			productRefGroup = 368E26861B4CC341001672CE /* Products */;
			projectDirPath = "";
			projectRoot = "";
			targets = (
				368E26841B4CC341001672CE /* KLTShareSDKDemo */,
			);
		};
/* End PBXProject section */

/* Begin PBXResourcesBuildPhase section */
		368E26831B4CC341001672CE /* Resources */ = {
			isa = PBXResourcesBuildPhase;
			buildActionMask = 2147483647;
			files = (
				368E26991B4CC341001672CE /* LaunchScreen.xib in Resources */,
				368E273C1B4D123B001672CE /* IMG_Cat.jpg in Resources */,
				368E27371B4CC89A001672CE /* Main.storyboard in Resources */,
				368E26961B4CC341001672CE /* Images.xcassets in Resources */,
				3669B15C1CF300DE00AF5997 /* TencentOpenApi_IOS_Bundle.bundle in Resources */,
				368E273E1B4D12AE001672CE /* IMG_Cat_thumb.png in Resources */,
				3669B1531CF2FB5B00AF5997 /* WeiboSDK.bundle in Resources */,
			);
			runOnlyForDeploymentPostprocessing = 0;
		};
/* End PBXResourcesBuildPhase section */

/* Begin PBXSourcesBuildPhase section */
		368E26811B4CC341001672CE /* Sources */ = {
			isa = PBXSourcesBuildPhase;
			buildActionMask = 2147483647;
			files = (
				368E27191B4CC4B8001672CE /* ShareSDKHttp.m in Sources */,
				3669B13D1CF2F51000AF5997 /* KLTYixinProxy.m in Sources */,
				368E27321B4CC887001672CE /* AppDelegate.m in Sources */,
				3669B1331CF2F51000AF5997 /* KLTWechatProxy.m in Sources */,
				368E27351B4CC887001672CE /* ViewController.m in Sources */,
				368E268B1B4CC341001672CE /* main.m in Sources */,
				36D82C4B1B6F4C5C00C9A90D /* KLTSMSProxy.m in Sources */,
				368E271C1B4CC4B8001672CE /* UIImage+ResizeMagick.m in Sources */,
				3669B1371CF2F51000AF5997 /* KLTWeiboProxy.m in Sources */,
				3669B12F1CF2F51000AF5997 /* KLTQQProxy.m in Sources */,
				368E27181B4CC4B8001672CE /* KLTShareKit.m in Sources */,
			);
			runOnlyForDeploymentPostprocessing = 0;
		};
/* End PBXSourcesBuildPhase section */

/* Begin PBXVariantGroup section */
		368E26971B4CC341001672CE /* LaunchScreen.xib */ = {
			isa = PBXVariantGroup;
			children = (
				368E26981B4CC341001672CE /* Base */,
			);
			name = LaunchScreen.xib;
			sourceTree = "<group>";
		};
/* End PBXVariantGroup section */

/* Begin XCBuildConfiguration section */
		368E26A61B4CC341001672CE /* Debug */ = {
			isa = XCBuildConfiguration;
			buildSettings = {
				ALWAYS_SEARCH_USER_PATHS = NO;
				CLANG_CXX_LANGUAGE_STANDARD = "gnu++0x";
				CLANG_CXX_LIBRARY = "libc++";
				CLANG_ENABLE_MODULES = YES;
				CLANG_ENABLE_OBJC_ARC = YES;
				CLANG_WARN_BOOL_CONVERSION = YES;
				CLANG_WARN_CONSTANT_CONVERSION = YES;
				CLANG_WARN_DIRECT_OBJC_ISA_USAGE = YES_ERROR;
				CLANG_WARN_EMPTY_BODY = YES;
				CLANG_WARN_ENUM_CONVERSION = YES;
				CLANG_WARN_INT_CONVERSION = YES;
				CLANG_WARN_OBJC_ROOT_CLASS = YES_ERROR;
				CLANG_WARN_UNREACHABLE_CODE = YES;
				CLANG_WARN__DUPLICATE_METHOD_MATCH = YES;
				"CODE_SIGN_IDENTITY[sdk=iphoneos*]" = "iPhone Developer";
				COPY_PHASE_STRIP = NO;
				DEBUG_INFORMATION_FORMAT = "dwarf-with-dsym";
				ENABLE_STRICT_OBJC_MSGSEND = YES;
				GCC_C_LANGUAGE_STANDARD = gnu99;
				GCC_DYNAMIC_NO_PIC = NO;
				GCC_NO_COMMON_BLOCKS = YES;
				GCC_OPTIMIZATION_LEVEL = 0;
				GCC_PREPROCESSOR_DEFINITIONS = (
					"DEBUG=1",
					"$(inherited)",
				);
				GCC_SYMBOLS_PRIVATE_EXTERN = NO;
				GCC_WARN_64_TO_32_BIT_CONVERSION = YES;
				GCC_WARN_ABOUT_RETURN_TYPE = YES_ERROR;
				GCC_WARN_UNDECLARED_SELECTOR = YES;
				GCC_WARN_UNINITIALIZED_AUTOS = YES_AGGRESSIVE;
				GCC_WARN_UNUSED_FUNCTION = YES;
				GCC_WARN_UNUSED_VARIABLE = YES;
				IPHONEOS_DEPLOYMENT_TARGET = 8.4;
				MTL_ENABLE_DEBUG_INFO = YES;
				ONLY_ACTIVE_ARCH = YES;
				SDKROOT = iphoneos;
				TARGETED_DEVICE_FAMILY = "1,2";
			};
			name = Debug;
		};
		368E26A71B4CC341001672CE /* Release */ = {
			isa = XCBuildConfiguration;
			buildSettings = {
				ALWAYS_SEARCH_USER_PATHS = NO;
				CLANG_CXX_LANGUAGE_STANDARD = "gnu++0x";
				CLANG_CXX_LIBRARY = "libc++";
				CLANG_ENABLE_MODULES = YES;
				CLANG_ENABLE_OBJC_ARC = YES;
				CLANG_WARN_BOOL_CONVERSION = YES;
				CLANG_WARN_CONSTANT_CONVERSION = YES;
				CLANG_WARN_DIRECT_OBJC_ISA_USAGE = YES_ERROR;
				CLANG_WARN_EMPTY_BODY = YES;
				CLANG_WARN_ENUM_CONVERSION = YES;
				CLANG_WARN_INT_CONVERSION = YES;
				CLANG_WARN_OBJC_ROOT_CLASS = YES_ERROR;
				CLANG_WARN_UNREACHABLE_CODE = YES;
				CLANG_WARN__DUPLICATE_METHOD_MATCH = YES;
				"CODE_SIGN_IDENTITY[sdk=iphoneos*]" = "iPhone Developer";
				COPY_PHASE_STRIP = NO;
				DEBUG_INFORMATION_FORMAT = "dwarf-with-dsym";
				ENABLE_NS_ASSERTIONS = NO;
				ENABLE_STRICT_OBJC_MSGSEND = YES;
				GCC_C_LANGUAGE_STANDARD = gnu99;
				GCC_NO_COMMON_BLOCKS = YES;
				GCC_WARN_64_TO_32_BIT_CONVERSION = YES;
				GCC_WARN_ABOUT_RETURN_TYPE = YES_ERROR;
				GCC_WARN_UNDECLARED_SELECTOR = YES;
				GCC_WARN_UNINITIALIZED_AUTOS = YES_AGGRESSIVE;
				GCC_WARN_UNUSED_FUNCTION = YES;
				GCC_WARN_UNUSED_VARIABLE = YES;
				IPHONEOS_DEPLOYMENT_TARGET = 8.4;
				MTL_ENABLE_DEBUG_INFO = NO;
				SDKROOT = iphoneos;
				TARGETED_DEVICE_FAMILY = "1,2";
				VALIDATE_PRODUCT = YES;
			};
			name = Release;
		};
		368E26A91B4CC341001672CE /* Debug */ = {
			isa = XCBuildConfiguration;
			buildSettings = {
				ASSETCATALOG_COMPILER_APPICON_NAME = AppIcon;
				ENABLE_BITCODE = NO;
				FRAMEWORK_SEARCH_PATHS = (
					"$(inherited)",
					"$(PROJECT_DIR)/KLTShareSDKDemo/KLTShareSDK/Tencent/SDK",
				);
				GCC_PREFIX_HEADER = KLTShareSDKDemo/PrefixHeader.pch;
				HEADER_SEARCH_PATHS = "";
				INFOPLIST_FILE = KLTShareSDKDemo/Info.plist;
				LD_RUNPATH_SEARCH_PATHS = "$(inherited) @executable_path/Frameworks";
				LIBRARY_SEARCH_PATHS = (
					"$(inherited)",
					"$(PROJECT_DIR)/KLTShareSDKDemo/KTLShareSDK/Tencent",
					"$(PROJECT_DIR)/KLTShareSDKDemo/KTLShareSDK/Wechat",
					"$(PROJECT_DIR)/KLTShareSDKDemo/KTLShareSDK/Weibo",
					"$(PROJECT_DIR)/KLTShareSDKDemo/KTLShareSDK/Yixin",
					"$(PROJECT_DIR)/KLTShareSDKDemo/KTLShareSDK/Tencent/SDK",
					"$(PROJECT_DIR)/KLTShareSDKDemo/KTLShareSDK/Wechat/SDK",
					"$(PROJECT_DIR)/KLTShareSDKDemo/KTLShareSDK/Weibo/SDK",
					"$(PROJECT_DIR)/KLTShareSDKDemo/KTLShareSDK/Yixin/SDK",
					"$(PROJECT_DIR)/KLTShareSDKDemo/KLTShareSDK/Wechat/SDK",
					"$(PROJECT_DIR)/KLTShareSDKDemo/KLTShareSDK/Weibo/SDK",
					"$(PROJECT_DIR)/KLTShareSDKDemo/KLTShareSDK/Tencent/SDK",
					"$(PROJECT_DIR)/KLTShareSDKDemo/KLTShareSDK/Yixin/SDK",
				);
				OTHER_LDFLAGS = (
					"-all_load",
					"-fobjc-arc",
				);
				PRODUCT_NAME = "$(TARGET_NAME)";
			};
			name = Debug;
		};
		368E26AA1B4CC341001672CE /* Release */ = {
			isa = XCBuildConfiguration;
			buildSettings = {
				ASSETCATALOG_COMPILER_APPICON_NAME = AppIcon;
				ENABLE_BITCODE = NO;
				FRAMEWORK_SEARCH_PATHS = (
					"$(inherited)",
					"$(PROJECT_DIR)/KLTShareSDKDemo/KLTShareSDK/Tencent/SDK",
				);
				GCC_PREFIX_HEADER = KLTShareSDKDemo/PrefixHeader.pch;
				HEADER_SEARCH_PATHS = "";
				INFOPLIST_FILE = KLTShareSDKDemo/Info.plist;
				LD_RUNPATH_SEARCH_PATHS = "$(inherited) @executable_path/Frameworks";
				LIBRARY_SEARCH_PATHS = (
					"$(inherited)",
					"$(PROJECT_DIR)/KLTShareSDKDemo/KTLShareSDK/Tencent",
					"$(PROJECT_DIR)/KLTShareSDKDemo/KTLShareSDK/Wechat",
					"$(PROJECT_DIR)/KLTShareSDKDemo/KTLShareSDK/Weibo",
					"$(PROJECT_DIR)/KLTShareSDKDemo/KTLShareSDK/Yixin",
					"$(PROJECT_DIR)/KLTShareSDKDemo/KTLShareSDK/Tencent/SDK",
					"$(PROJECT_DIR)/KLTShareSDKDemo/KTLShareSDK/Wechat/SDK",
					"$(PROJECT_DIR)/KLTShareSDKDemo/KTLShareSDK/Weibo/SDK",
					"$(PROJECT_DIR)/KLTShareSDKDemo/KTLShareSDK/Yixin/SDK",
					"$(PROJECT_DIR)/KLTShareSDKDemo/KLTShareSDK/Wechat/SDK",
					"$(PROJECT_DIR)/KLTShareSDKDemo/KLTShareSDK/Weibo/SDK",
					"$(PROJECT_DIR)/KLTShareSDKDemo/KLTShareSDK/Tencent/SDK",
					"$(PROJECT_DIR)/KLTShareSDKDemo/KLTShareSDK/Yixin/SDK",
				);
				OTHER_LDFLAGS = (
					"-all_load",
					"-fobjc-arc",
				);
				PRODUCT_NAME = "$(TARGET_NAME)";
			};
			name = Release;
		};
/* End XCBuildConfiguration section */

/* Begin XCConfigurationList section */
		368E26801B4CC341001672CE /* Build configuration list for PBXProject "KLTShareSDKDemo" */ = {
			isa = XCConfigurationList;
			buildConfigurations = (
				368E26A61B4CC341001672CE /* Debug */,
				368E26A71B4CC341001672CE /* Release */,
			);
			defaultConfigurationIsVisible = 0;
			defaultConfigurationName = Release;
		};
		368E26A81B4CC341001672CE /* Build configuration list for PBXNativeTarget "KLTShareSDKDemo" */ = {
			isa = XCConfigurationList;
			buildConfigurations = (
				368E26A91B4CC341001672CE /* Debug */,
				368E26AA1B4CC341001672CE /* Release */,
			);
			defaultConfigurationIsVisible = 0;
			defaultConfigurationName = Release;
		};
/* End XCConfigurationList section */
	};
	rootObject = 368E267D1B4CC341001672CE /* Project object */;
}
